
Microsoft Visual Studio Solution File, Format Version 12.00
# Visual Studio 15
VisualStudioVersion = 15.0.28010.2003
MinimumVisualStudioVersion = 10.0.40219.1
Project("{FAE04EC0-301F-11D3-BF4B-00C04F79EFBC}") = "3343_LaraC_Lab02", "3343_LaraC_Lab02\3343_LaraC_Lab02.csproj", "{9E4D8F55-E656-442E-9BCE-28300B03FE33}"
EndProject
Global
	GlobalSection(SolutionConfigurationPlatforms) = preSolution
		Debug|Any CPU = Debug|Any CPU
		Release|Any CPU = Release|Any CPU
	EndGlobalSection
	GlobalSection(ProjectConfigurationPlatforms) = postSolution
		{9E4D8F55-E656-442E-9BCE-28300B03FE33}.Debug|Any CPU.ActiveCfg = Debug|Any CPU
		{9E4D8F55-E656-442E-9BCE-28300B03FE33}.Debug|Any CPU.Build.0 = Debug|Any CPU
		{9E4D8F55-E656-442E-9BCE-28300B03FE33}.Release|Any CPU.ActiveCfg = Release|Any CPU
		{9E4D8F55-E656-442E-9BCE-28300B03FE33}.Release|Any CPU.Build.0 = Release|Any CPU
	EndGlobalSection
	GlobalSection(SolutionProperties) = preSolution
		HideSolutionNode = FALSE
	EndGlobalSection
	GlobalSection(ExtensibilityGlobals) = postSolution
		SolutionGuid = {AB3CAEDC-1082-4390-AF96-34BEE0A36E03}
	EndGlobalSection
EndGlobal
